
Microsoft Visual Studio Solution File, Format Version 12.00
# Visual Studio Version 17
VisualStudioVersion = 17.3.32811.315
MinimumVisualStudioVersion = 10.0.40219.1
Project("{FAE04EC0-301F-11D3-BF4B-00C04F79EFBC}") = "uppgfit4._24", "uppgfit4._24\uppgfit4._24.csproj", "{7CCD317F-3708-442B-8782-6979C0CF5D41}"
EndProject
Global
	GlobalSection(SolutionConfigurationPlatforms) = preSolution
		Debug|Any CPU = Debug|Any CPU
		Release|Any CPU = Release|Any CPU
	EndGlobalSection
	GlobalSection(ProjectConfigurationPlatforms) = postSolution
		{7CCD317F-3708-442B-8782-6979C0CF5D41}.Debug|Any CPU.ActiveCfg = Debug|Any CPU
		{7CCD317F-3708-442B-8782-6979C0CF5D41}.Debug|Any CPU.Build.0 = Debug|Any CPU
		{7CCD317F-3708-442B-8782-6979C0CF5D41}.Release|Any CPU.ActiveCfg = Release|Any CPU
		{7CCD317F-3708-442B-8782-6979C0CF5D41}.Release|Any CPU.Build.0 = Release|Any CPU
	EndGlobalSection
	GlobalSection(SolutionProperties) = preSolution
		HideSolutionNode = FALSE
	EndGlobalSection
	GlobalSection(ExtensibilityGlobals) = postSolution
		SolutionGuid = {4A7E6F5F-0B1A-4567-BFCD-47BC4815CB46}
	EndGlobalSection
EndGlobal
